
Microsoft Visual Studio Solution File, Format Version 12.00
# Visual Studio Version 17
VisualStudioVersion = 17.5.33516.290
MinimumVisualStudioVersion = 10.0.40219.1
Project("{FAE04EC0-301F-11D3-BF4B-00C04F79EFBC}") = "IMS.WebApp", "IMS.WebApp\IMS.WebApp.csproj", "{D959F322-3A74-44BF-9790-C604BCBB3D32}"
EndProject
Project("{FAE04EC0-301F-11D3-BF4B-00C04F79EFBC}") = "IMS.UseCases", "IMS.UseCases\IMS.UseCases.csproj", "{002C5A2C-B9AB-4098-90EB-CBFFD06F96FE}"
EndProject
Project("{FAE04EC0-301F-11D3-BF4B-00C04F79EFBC}") = "IMS.CoreBusiness", "IMS.CoreBusiness\IMS.CoreBusiness.csproj", "{9C065EB1-2BBD-43C9-9D35-AF9419E51CDC}"
EndProject
Project("{FAE04EC0-301F-11D3-BF4B-00C04F79EFBC}") = "IMS.Plugins.EfCore", "IMS.Plugins.EfCore\IMS.Plugins.EfCore.csproj", "{A2B56BE9-2A58-47D7-8447-78DB5B9381F2}"
EndProject
Global
	GlobalSection(SolutionConfigurationPlatforms) = preSolution
		Debug|Any CPU = Debug|Any CPU
		Release|Any CPU = Release|Any CPU
	EndGlobalSection
	GlobalSection(ProjectConfigurationPlatforms) = postSolution
		{D959F322-3A74-44BF-9790-C604BCBB3D32}.Debug|Any CPU.ActiveCfg = Debug|Any CPU
		{D959F322-3A74-44BF-9790-C604BCBB3D32}.Debug|Any CPU.Build.0 = Debug|Any CPU
		{D959F322-3A74-44BF-9790-C604BCBB3D32}.Release|Any CPU.ActiveCfg = Release|Any CPU
		{D959F322-3A74-44BF-9790-C604BCBB3D32}.Release|Any CPU.Build.0 = Release|Any CPU
		{002C5A2C-B9AB-4098-90EB-CBFFD06F96FE}.Debug|Any CPU.ActiveCfg = Debug|Any CPU
		{002C5A2C-B9AB-4098-90EB-CBFFD06F96FE}.Debug|Any CPU.Build.0 = Debug|Any CPU
		{002C5A2C-B9AB-4098-90EB-CBFFD06F96FE}.Release|Any CPU.ActiveCfg = Release|Any CPU
		{002C5A2C-B9AB-4098-90EB-CBFFD06F96FE}.Release|Any CPU.Build.0 = Release|Any CPU
		{9C065EB1-2BBD-43C9-9D35-AF9419E51CDC}.Debug|Any CPU.ActiveCfg = Debug|Any CPU
		{9C065EB1-2BBD-43C9-9D35-AF9419E51CDC}.Debug|Any CPU.Build.0 = Debug|Any CPU
		{9C065EB1-2BBD-43C9-9D35-AF9419E51CDC}.Release|Any CPU.ActiveCfg = Release|Any CPU
		{9C065EB1-2BBD-43C9-9D35-AF9419E51CDC}.Release|Any CPU.Build.0 = Release|Any CPU
		{A2B56BE9-2A58-47D7-8447-78DB5B9381F2}.Debug|Any CPU.ActiveCfg = Debug|Any CPU
		{A2B56BE9-2A58-47D7-8447-78DB5B9381F2}.Debug|Any CPU.Build.0 = Debug|Any CPU
		{A2B56BE9-2A58-47D7-8447-78DB5B9381F2}.Release|Any CPU.ActiveCfg = Release|Any CPU
		{A2B56BE9-2A58-47D7-8447-78DB5B9381F2}.Release|Any CPU.Build.0 = Release|Any CPU
	EndGlobalSection
	GlobalSection(SolutionProperties) = preSolution
		HideSolutionNode = FALSE
	EndGlobalSection
	GlobalSection(ExtensibilityGlobals) = postSolution
		SolutionGuid = {051F78EC-7AC5-4065-9C8D-2E828B0C39CB}
	EndGlobalSection
EndGlobal
