
Microsoft Visual Studio Solution File, Format Version 12.00
# Visual Studio Version 17
VisualStudioVersion = 17.5.33424.131
MinimumVisualStudioVersion = 10.0.40219.1
Project("{FAE04EC0-301F-11D3-BF4B-00C04F79EFBC}") = "BlogWebApp", "BlogWebApp\BlogWebApp.csproj", "{BFB7346D-FD53-4D46-95FB-730073FF91E1}"
EndProject
Global
	GlobalSection(SolutionConfigurationPlatforms) = preSolution
		Debug|Any CPU = Debug|Any CPU
		Release|Any CPU = Release|Any CPU
	EndGlobalSection
	GlobalSection(ProjectConfigurationPlatforms) = postSolution
		{BFB7346D-FD53-4D46-95FB-730073FF91E1}.Debug|Any CPU.ActiveCfg = Debug|Any CPU
		{BFB7346D-FD53-4D46-95FB-730073FF91E1}.Debug|Any CPU.Build.0 = Debug|Any CPU
		{BFB7346D-FD53-4D46-95FB-730073FF91E1}.Release|Any CPU.ActiveCfg = Release|Any CPU
		{BFB7346D-FD53-4D46-95FB-730073FF91E1}.Release|Any CPU.Build.0 = Release|Any CPU
	EndGlobalSection
	GlobalSection(SolutionProperties) = preSolution
		HideSolutionNode = FALSE
	EndGlobalSection
	GlobalSection(ExtensibilityGlobals) = postSolution
		SolutionGuid = {C1C908C4-A61A-41BF-A46F-FA8D764582D2}
	EndGlobalSection
EndGlobal
